
Microsoft Visual Studio Solution File, Format Version 12.00
# Visual Studio Version 17
VisualStudioVersion = 17.8.34330.188
MinimumVisualStudioVersion = 10.0.40219.1
Project("{9A19103F-16F7-4668-BE54-9A1E7A4F7556}") = "EmployeeRegistrationService", "EmployeeRegistrationService\EmployeeRegistrationService.csproj", "{B1168FE9-D6A0-4134-ACEC-10532EC9AF17}"
EndProject
Global
	GlobalSection(SolutionConfigurationPlatforms) = preSolution
		Debug|Any CPU = Debug|Any CPU
		Release|Any CPU = Release|Any CPU
	EndGlobalSection
	GlobalSection(ProjectConfigurationPlatforms) = postSolution
		{B1168FE9-D6A0-4134-ACEC-10532EC9AF17}.Debug|Any CPU.ActiveCfg = Debug|Any CPU
		{B1168FE9-D6A0-4134-ACEC-10532EC9AF17}.Debug|Any CPU.Build.0 = Debug|Any CPU
		{B1168FE9-D6A0-4134-ACEC-10532EC9AF17}.Release|Any CPU.ActiveCfg = Release|Any CPU
		{B1168FE9-D6A0-4134-ACEC-10532EC9AF17}.Release|Any CPU.Build.0 = Release|Any CPU
	EndGlobalSection
	GlobalSection(SolutionProperties) = preSolution
		HideSolutionNode = FALSE
	EndGlobalSection
	GlobalSection(ExtensibilityGlobals) = postSolution
		SolutionGuid = {2498D47A-4DBD-45A6-8ADE-EEA5677C6752}
	EndGlobalSection
EndGlobal
